
Microsoft Visual Studio Solution File, Format Version 12.00
# Visual Studio Version 16
VisualStudioVersion = 25.0.1706.6
MinimumVisualStudioVersion = 10.0.40219.1
Project("{FAE04EC0-301F-11D3-BF4B-00C04F79EFBC}") = "WHyLL", "WHyLL\WHyLL.csproj", "{B1972AB4-A46E-443F-9E44-FA5D4DB20968}"
EndProject
Project("{FAE04EC0-301F-11D3-BF4B-00C04F79EFBC}") = "Test.WHyLL", "Test.WHyLL\Test.WHyLL.csproj", "{05DAF281-06E5-4706-BB14-802752E13C24}"
EndProject
Project("{2150E333-8FDC-42A3-9474-1A3956D46DE8}") = "Solution Items", "Solution Items", "{203C736D-AD40-4081-8220-865D6D23F56E}"
	ProjectSection(SolutionItems) = preProject
		README.md = README.md
		.editorconfig = .editorconfig
	EndProjectSection
EndProject
Global
	GlobalSection(SolutionConfigurationPlatforms) = preSolution
		Debug|Any CPU = Debug|Any CPU
		Release|Any CPU = Release|Any CPU
	EndGlobalSection
	GlobalSection(ProjectConfigurationPlatforms) = postSolution
		{B1972AB4-A46E-443F-9E44-FA5D4DB20968}.Debug|Any CPU.ActiveCfg = Debug|Any CPU
		{B1972AB4-A46E-443F-9E44-FA5D4DB20968}.Debug|Any CPU.Build.0 = Debug|Any CPU
		{B1972AB4-A46E-443F-9E44-FA5D4DB20968}.Release|Any CPU.ActiveCfg = Release|Any CPU
		{B1972AB4-A46E-443F-9E44-FA5D4DB20968}.Release|Any CPU.Build.0 = Release|Any CPU
		{05DAF281-06E5-4706-BB14-802752E13C24}.Debug|Any CPU.ActiveCfg = Debug|Any CPU
		{05DAF281-06E5-4706-BB14-802752E13C24}.Debug|Any CPU.Build.0 = Debug|Any CPU
		{05DAF281-06E5-4706-BB14-802752E13C24}.Release|Any CPU.ActiveCfg = Release|Any CPU
		{05DAF281-06E5-4706-BB14-802752E13C24}.Release|Any CPU.Build.0 = Release|Any CPU
	EndGlobalSection
	GlobalSection(SolutionProperties) = preSolution
		HideSolutionNode = FALSE
	EndGlobalSection
	GlobalSection(ExtensibilityGlobals) = postSolution
		SolutionGuid = {2C263CF6-01D3-4791-B46D-C7BA90D242CF}
	EndGlobalSection
EndGlobal
